
Microsoft Visual Studio Solution File, Format Version 12.00
# Visual Studio Version 17
VisualStudioVersion = 17.5.33530.505
MinimumVisualStudioVersion = 10.0.40219.1
Project("{9A19103F-16F7-4668-BE54-9A1E7A4F7556}") = "PracticaMVC", "PracticaMVC.csproj", "{592C3A49-20FF-409F-92A8-31EDE0DC601D}"
EndProject
Global
	GlobalSection(SolutionConfigurationPlatforms) = preSolution
		Debug|Any CPU = Debug|Any CPU
		Release|Any CPU = Release|Any CPU
	EndGlobalSection
	GlobalSection(ProjectConfigurationPlatforms) = postSolution
		{592C3A49-20FF-409F-92A8-31EDE0DC601D}.Debug|Any CPU.ActiveCfg = Debug|Any CPU
		{592C3A49-20FF-409F-92A8-31EDE0DC601D}.Debug|Any CPU.Build.0 = Debug|Any CPU
		{592C3A49-20FF-409F-92A8-31EDE0DC601D}.Release|Any CPU.ActiveCfg = Release|Any CPU
		{592C3A49-20FF-409F-92A8-31EDE0DC601D}.Release|Any CPU.Build.0 = Release|Any CPU
	EndGlobalSection
	GlobalSection(SolutionProperties) = preSolution
		HideSolutionNode = FALSE
	EndGlobalSection
	GlobalSection(ExtensibilityGlobals) = postSolution
		SolutionGuid = {A787E8CC-D1E8-493C-A07B-EBC6F5B5EDA9}
	EndGlobalSection
EndGlobal
